PODS:
  - ImageViewer.swift (3.0)
  - ImageViewer.swift/Fetcher (3.0):
    - SDWebImage
  - SDWebImage (5.8.4):
    - SDWebImage/Core (= 5.8.4)
  - SDWebImage/Core (5.8.4)

DEPENDENCIES:
  - ImageViewer.swift (from `./../`)
  - ImageViewer.swift/Fetcher (from `./../`)

SPEC REPOS:
  trunk:
    - SDWebImage

EXTERNAL SOURCES:
  ImageViewer.swift:
    :path: "./../"

SPEC CHECKSUMS:
  ImageViewer.swift: 5a7de1366351c307023daf71f907dedee968b5d0
  SDWebImage: cf6922231e95550934da2ada0f20f2becf2ceba9

PODFILE CHECKSUM: e724d0d4011b46b198571c9f9ed6734d40b74bc4

COCOAPODS: 1.9.3
