// !$*UTF8*$!
{
	archiveVersion = 1;
	classes = {
	};
	objectVersion = 46;
	objects = {

/* Begin PBXBuildFile section */
		994071B8177D62970033FD4B /* 9_iphone.png in Resources */ = {isa = PBXBuildFile; fileRef = 994071AE177D62970033FD4B /* 9_iphone.png */; };
		994071B9177D62970033FD4B /* 8_iphone.png in Resources */ = {isa = PBXBuildFile; fileRef = 994071AF177D62970033FD4B /* 8_iphone.png */; };
		994071BA177D62970033FD4B /* 7_iphone.png in Resources */ = {isa = PBXBuildFile; fileRef = 994071B0177D62970033FD4B /* 7_iphone.png */; };
		994071BB177D62970033FD4B /* 6_iphone.png in Resources */ = {isa = PBXBuildFile; fileRef = 994071B1177D62970033FD4B /* 6_iphone.png */; };
		994071BC177D62970033FD4B /* 5_iphone.png in Resources */ = {isa = PBXBuildFile; fileRef = 994071B2177D62970033FD4B /* 5_iphone.png */; };
		994071BD177D62970033FD4B /* 4_iphone.png in Resources */ = {isa = PBXBuildFile; fileRef = 994071B3177D62970033FD4B /* 4_iphone.png */; };
		994071BE177D62970033FD4B /* 3_iphone.png in Resources */ = {isa = PBXBuildFile; fileRef = 994071B4177D62970033FD4B /* 3_iphone.png */; };
		994071BF177D62970033FD4B /* 2_iphone.png in Resources */ = {isa = PBXBuildFile; fileRef = 994071B5177D62970033FD4B /* 2_iphone.png */; };
		994071C0177D62970033FD4B /* 1_iphone.png in Resources */ = {isa = PBXBuildFile; fileRef = 994071B6177D62970033FD4B /* 1_iphone.png */; };
		994071C1177D62970033FD4B /* 0_iphone.png in Resources */ = {isa = PBXBuildFile; fileRef = 994071B7177D62970033FD4B /* 0_iphone.png */; };
		995424481766CB7500D7A4D1 /* AFHTTPClient.m in Sources */ = {isa = PBXBuildFile; fileRef = 995424361766CB7500D7A4D1 /* AFHTTPClient.m */; };
		995424491766CB7500D7A4D1 /* AFHTTPRequestOperation.m in Sources */ = {isa = PBXBuildFile; fileRef = 995424381766CB7500D7A4D1 /* AFHTTPRequestOperation.m */; };
		9954244A1766CB7500D7A4D1 /* AFImageRequestOperation.m in Sources */ = {isa = PBXBuildFile; fileRef = 9954243A1766CB7500D7A4D1 /* AFImageRequestOperation.m */; };
		9954244B1766CB7500D7A4D1 /* AFJSONRequestOperation.m in Sources */ = {isa = PBXBuildFile; fileRef = 9954243C1766CB7500D7A4D1 /* AFJSONRequestOperation.m */; };
		9954244C1766CB7500D7A4D1 /* AFNetworkActivityIndicatorManager.m in Sources */ = {isa = PBXBuildFile; fileRef = 9954243E1766CB7500D7A4D1 /* AFNetworkActivityIndicatorManager.m */; };
		9954244D1766CB7500D7A4D1 /* AFPropertyListRequestOperation.m in Sources */ = {isa = PBXBuildFile; fileRef = 995424411766CB7500D7A4D1 /* AFPropertyListRequestOperation.m */; };
		9954244E1766CB7500D7A4D1 /* AFURLConnectionOperation.m in Sources */ = {isa = PBXBuildFile; fileRef = 995424431766CB7500D7A4D1 /* AFURLConnectionOperation.m */; };
		9954244F1766CB7500D7A4D1 /* AFXMLRequestOperation.m in Sources */ = {isa = PBXBuildFile; fileRef = 995424451766CB7500D7A4D1 /* AFXMLRequestOperation.m */; };
		995424501766CB7500D7A4D1 /* UIImageView+AFNetworking.m in Sources */ = {isa = PBXBuildFile; fileRef = 995424471766CB7500D7A4D1 /* UIImageView+AFNetworking.m */; };
		995424521766CC1F00D7A4D1 /* SystemConfiguration.framework in Frameworks */ = {isa = PBXBuildFile; fileRef = 995424511766CC1F00D7A4D1 /* SystemConfiguration.framework */; };
		995424541766CC2600D7A4D1 /* MobileCoreServices.framework in Frameworks */ = {isa = PBXBuildFile; fileRef = 995424531766CC2600D7A4D1 /* MobileCoreServices.framework */; };
		998724F11757AFFD004FDBC5 /* UIKit.framework in Frameworks */ = {isa = PBXBuildFile; fileRef = 998724F01757AFFD004FDBC5 /* UIKit.framework */; };
		998724F31757AFFD004FDBC5 /* Foundation.framework in Frameworks */ = {isa = PBXBuildFile; fileRef = 998724F21757AFFD004FDBC5 /* Foundation.framework */; };
		998724F51757AFFD004FDBC5 /* CoreGraphics.framework in Frameworks */ = {isa = PBXBuildFile; fileRef = 998724F41757AFFD004FDBC5 /* CoreGraphics.framework */; };
		998724FB1757AFFE004FDBC5 /* InfoPlist.strings in Resources */ = {isa = PBXBuildFile; fileRef = 998724F91757AFFE004FDBC5 /* InfoPlist.strings */; };
		998724FD1757AFFE004FDBC5 /* main.m in Sources */ = {isa = PBXBuildFile; fileRef = 998724FC1757AFFE004FDBC5 /* main.m */; };
		998725011757AFFE004FDBC5 /* AppDelegate.m in Sources */ = {isa = PBXBuildFile; fileRef = 998725001757AFFE004FDBC5 /* AppDelegate.m */; };
		998725031757AFFE004FDBC5 /* Default.png in Resources */ = {isa = PBXBuildFile; fileRef = 998725021757AFFE004FDBC5 /* Default.png */; };
		998725051757AFFE004FDBC5 /* Default@2x.png in Resources */ = {isa = PBXBuildFile; fileRef = 998725041757AFFE004FDBC5 /* Default@2x.png */; };
		998725071757AFFF004FDBC5 /* Default-568h@2x.png in Resources */ = {isa = PBXBuildFile; fileRef = 998725061757AFFF004FDBC5 /* Default-568h@2x.png */; };
		9987250A1757AFFF004FDBC5 /* MainStoryboard.storyboard in Resources */ = {isa = PBXBuildFile; fileRef = 998725081757AFFF004FDBC5 /* MainStoryboard.storyboard */; };
		998725151757B000004FDBC5 /* SenTestingKit.framework in Frameworks */ = {isa = PBXBuildFile; fileRef = 998725141757B000004FDBC5 /* SenTestingKit.framework */; };
		998725161757B000004FDBC5 /* UIKit.framework in Frameworks */ = {isa = PBXBuildFile; fileRef = 998724F01757AFFD004FDBC5 /* UIKit.framework */; };
		998725171757B000004FDBC5 /* Foundation.framework in Frameworks */ = {isa = PBXBuildFile; fileRef = 998724F21757AFFD004FDBC5 /* Foundation.framework */; };
		9987251F1757B000004FDBC5 /* InfoPlist.strings in Resources */ = {isa = PBXBuildFile; fileRef = 9987251D1757B000004FDBC5 /* InfoPlist.strings */; };
		998725221757B000004FDBC5 /* FBImageViewController_DemoTests.m in Sources */ = {isa = PBXBuildFile; fileRef = 998725211757B000004FDBC5 /* FBImageViewController_DemoTests.m */; };
		9987252E1757B035004FDBC5 /* MHFacebookImageViewer.m in Sources */ = {isa = PBXBuildFile; fileRef = 9987252D1757B035004FDBC5 /* MHFacebookImageViewer.m */; };
		998725311757B0AE004FDBC5 /* DemoViewController.m in Sources */ = {isa = PBXBuildFile; fileRef = 998725301757B0AE004FDBC5 /* DemoViewController.m */; };
		99872554175854C9004FDBC5 /* placehold.png in Resources */ = {isa = PBXBuildFile; fileRef = 99872553175854C9004FDBC5 /* placehold.png */; };
		99872558175886D6004FDBC5 /* Done.png in Resources */ = {isa = PBXBuildFile; fileRef = 99872556175886D6004FDBC5 /* Done.png */; };
		99872559175886D6004FDBC5 /* Done@2x.png in Resources */ = {isa = PBXBuildFile; fileRef = 99872557175886D6004FDBC5 /* Done@2x.png */; };
		99ADA7C61759989C0044BAE4 /* Demo2ViewController.m in Sources */ = {isa = PBXBuildFile; fileRef = 99ADA7C51759989C0044BAE4 /* Demo2ViewController.m */; };
		99ADA7C917599E830044BAE4 /* Demo3ViewController.m in Sources */ = {isa = PBXBuildFile; fileRef = 99ADA7C817599E830044BAE4 /* Demo3ViewController.m */; };
/* End PBXBuildFile section */

/* Begin PBXContainerItemProxy section */
		998725181757B000004FDBC5 /* PBXContainerItemProxy */ = {
			isa = PBXContainerItemProxy;
			containerPortal = 998724E51757AFFD004FDBC5 /* Project object */;
			proxyType = 1;
			remoteGlobalIDString = 998724EC1757AFFD004FDBC5;
			remoteInfo = FBImageViewController_Demo;
		};
/* End PBXContainerItemProxy section */

/* Begin PBXFileReference section */
		994071AE177D62970033FD4B /* 9_iphone.png */ = {isa = PBXFileReference; lastKnownFileType = image.png; path = 9_iphone.png; sourceTree = "<group>"; };
		994071AF177D62970033FD4B /* 8_iphone.png */ = {isa = PBXFileReference; lastKnownFileType = image.png; path = 8_iphone.png; sourceTree = "<group>"; };
		994071B0177D62970033FD4B /* 7_iphone.png */ = {isa = PBXFileReference; lastKnownFileType = image.png; path = 7_iphone.png; sourceTree = "<group>"; };
		994071B1177D62970033FD4B /* 6_iphone.png */ = {isa = PBXFileReference; lastKnownFileType = image.png; path = 6_iphone.png; sourceTree = "<group>"; };
		994071B2177D62970033FD4B /* 5_iphone.png */ = {isa = PBXFileReference; lastKnownFileType = image.png; path = 5_iphone.png; sourceTree = "<group>"; };
		994071B3177D62970033FD4B /* 4_iphone.png */ = {isa = PBXFileReference; lastKnownFileType = image.png; path = 4_iphone.png; sourceTree = "<group>"; };
		994071B4177D62970033FD4B /* 3_iphone.png */ = {isa = PBXFileReference; lastKnownFileType = image.png; path = 3_iphone.png; sourceTree = "<group>"; };
		994071B5177D62970033FD4B /* 2_iphone.png */ = {isa = PBXFileReference; lastKnownFileType = image.png; path = 2_iphone.png; sourceTree = "<group>"; };
		994071B6177D62970033FD4B /* 1_iphone.png */ = {isa = PBXFileReference; lastKnownFileType = image.png; path = 1_iphone.png; sourceTree = "<group>"; };
		994071B7177D62970033FD4B /* 0_iphone.png */ = {isa = PBXFileReference; lastKnownFileType = image.png; path = 0_iphone.png; sourceTree = "<group>"; };
		995424351766CB7500D7A4D1 /* AFHTTPClient.h */ = {isa = PBXFileReference; fileEncoding = 4; lastKnownFileType = sourcecode.c.h; path = AFHTTPClient.h; sourceTree = "<group>"; };
		995424361766CB7500D7A4D1 /* AFHTTPClient.m */ = {isa = PBXFileReference; fileEncoding = 4; lastKnownFileType = sourcecode.c.objc; path = AFHTTPClient.m; sourceTree = "<group>"; };
		995424371766CB7500D7A4D1 /* AFHTTPRequestOperation.h */ = {isa = PBXFileReference; fileEncoding = 4; lastKnownFileType = sourcecode.c.h; path = AFHTTPRequestOperation.h; sourceTree = "<group>"; };
		995424381766CB7500D7A4D1 /* AFHTTPRequestOperation.m */ = {isa = PBXFileReference; fileEncoding = 4; lastKnownFileType = sourcecode.c.objc; path = AFHTTPRequestOperation.m; sourceTree = "<group>"; };
		995424391766CB7500D7A4D1 /* AFImageRequestOperation.h */ = {isa = PBXFileReference; fileEncoding = 4; lastKnownFileType = sourcecode.c.h; path = AFImageRequestOperation.h; sourceTree = "<group>"; };
		9954243A1766CB7500D7A4D1 /* AFImageRequestOperation.m */ = {isa = PBXFileReference; fileEncoding = 4; lastKnownFileType = sourcecode.c.objc; path = AFImageRequestOperation.m; sourceTree = "<group>"; };
		9954243B1766CB7500D7A4D1 /* AFJSONRequestOperation.h */ = {isa = PBXFileReference; fileEncoding = 4; lastKnownFileType = sourcecode.c.h; path = AFJSONRequestOperation.h; sourceTree = "<group>"; };
		9954243C1766CB7500D7A4D1 /* AFJSONRequestOperation.m */ = {isa = PBXFileReference; fileEncoding = 4; lastKnownFileType = sourcecode.c.objc; path = AFJSONRequestOperation.m; sourceTree = "<group>"; };
		9954243D1766CB7500D7A4D1 /* AFNetworkActivityIndicatorManager.h */ = {isa = PBXFileReference; fileEncoding = 4; lastKnownFileType = sourcecode.c.h; path = AFNetworkActivityIndicatorManager.h; sourceTree = "<group>"; };
		9954243E1766CB7500D7A4D1 /* AFNetworkActivityIndicatorManager.m */ = {isa = PBXFileReference; fileEncoding = 4; lastKnownFileType = sourcecode.c.objc; path = AFNetworkActivityIndicatorManager.m; sourceTree = "<group>"; };
		9954243F1766CB7500D7A4D1 /* AFNetworking.h */ = {isa = PBXFileReference; fileEncoding = 4; lastKnownFileType = sourcecode.c.h; path = AFNetworking.h; sourceTree = "<group>"; };
		995424401766CB7500D7A4D1 /* AFPropertyListRequestOperation.h */ = {isa = PBXFileReference; fileEncoding = 4; lastKnownFileType = sourcecode.c.h; path = AFPropertyListRequestOperation.h; sourceTree = "<group>"; };
		995424411766CB7500D7A4D1 /* AFPropertyListRequestOperation.m */ = {isa = PBXFileReference; fileEncoding = 4; lastKnownFileType = sourcecode.c.objc; path = AFPropertyListRequestOperation.m; sourceTree = "<group>"; };
		995424421766CB7500D7A4D1 /* AFURLConnectionOperation.h */ = {isa = PBXFileReference; fileEncoding = 4; lastKnownFileType = sourcecode.c.h; path = AFURLConnectionOperation.h; sourceTree = "<group>"; };
		995424431766CB7500D7A4D1 /* AFURLConnectionOperation.m */ = {isa = PBXFileReference; fileEncoding = 4; lastKnownFileType = sourcecode.c.objc; path = AFURLConnectionOperation.m; sourceTree = "<group>"; };
		995424441766CB7500D7A4D1 /* AFXMLRequestOperation.h */ = {isa = PBXFileReference; fileEncoding = 4; lastKnownFileType = sourcecode.c.h; path = AFXMLRequestOperation.h; sourceTree = "<group>"; };
		995424451766CB7500D7A4D1 /* AFXMLRequestOperation.m */ = {isa = PBXFileReference; fileEncoding = 4; lastKnownFileType = sourcecode.c.objc; path = AFXMLRequestOperation.m; sourceTree = "<group>"; };
		995424461766CB7500D7A4D1 /* UIImageView+AFNetworking.h */ = {isa = PBXFileReference; fileEncoding = 4; lastKnownFileType = sourcecode.c.h; path = "UIImageView+AFNetworking.h"; sourceTree = "<group>"; };
		995424471766CB7500D7A4D1 /* UIImageView+AFNetworking.m */ = {isa = PBXFileReference; fileEncoding = 4; lastKnownFileType = sourcecode.c.objc; path = "UIImageView+AFNetworking.m"; sourceTree = "<group>"; };
		995424511766CC1F00D7A4D1 /* SystemConfiguration.framework */ = {isa = PBXFileReference; lastKnownFileType = wrapper.framework; name = SystemConfiguration.framework; path = System/Library/Frameworks/SystemConfiguration.framework; sourceTree = SDKROOT; };
		995424531766CC2600D7A4D1 /* MobileCoreServices.framework */ = {isa = PBXFileReference; lastKnownFileType = wrapper.framework; name = MobileCoreServices.framework; path = System/Library/Frameworks/MobileCoreServices.framework; sourceTree = SDKROOT; };
		998724ED1757AFFD004FDBC5 /* FBImageViewController_Demo.app */ = {isa = PBXFileReference; explicitFileType = wrapper.application; includeInIndex = 0; path = FBImageViewController_Demo.app; sourceTree = BUILT_PRODUCTS_DIR; };
		998724F01757AFFD004FDBC5 /* UIKit.framework */ = {isa = PBXFileReference; lastKnownFileType = wrapper.framework; name = UIKit.framework; path = System/Library/Frameworks/UIKit.framework; sourceTree = SDKROOT; };
		998724F21757AFFD004FDBC5 /* Foundation.framework */ = {isa = PBXFileReference; lastKnownFileType = wrapper.framework; name = Foundation.framework; path = System/Library/Frameworks/Foundation.framework; sourceTree = SDKROOT; };
		998724F41757AFFD004FDBC5 /* CoreGraphics.framework */ = {isa = PBXFileReference; lastKnownFileType = wrapper.framework; name = CoreGraphics.framework; path = System/Library/Frameworks/CoreGraphics.framework; sourceTree = SDKROOT; };
		998724F81757AFFE004FDBC5 /* FBImageViewController_Demo-Info.plist */ = {isa = PBXFileReference; lastKnownFileType = text.plist.xml; path = "FBImageViewController_Demo-Info.plist"; sourceTree = "<group>"; };
		998724FA1757AFFE004FDBC5 /* en */ = {isa = PBXFileReference; lastKnownFileType = text.plist.strings; name = en; path = en.lproj/InfoPlist.strings; sourceTree = "<group>"; };
		998724FC1757AFFE004FDBC5 /* main.m */ = {isa = PBXFileReference; lastKnownFileType = sourcecode.c.objc; path = main.m; sourceTree = "<group>"; };
		998724FE1757AFFE004FDBC5 /* FBImageViewController_Demo-Prefix.pch */ = {isa = PBXFileReference; lastKnownFileType = sourcecode.c.h; path = "FBImageViewController_Demo-Prefix.pch"; sourceTree = "<group>"; };
		998724FF1757AFFE004FDBC5 /* AppDelegate.h */ = {isa = PBXFileReference; lastKnownFileType = sourcecode.c.h; path = AppDelegate.h; sourceTree = "<group>"; };
		998725001757AFFE004FDBC5 /* AppDelegate.m */ = {isa = PBXFileReference; lastKnownFileType = sourcecode.c.objc; path = AppDelegate.m; sourceTree = "<group>"; };
		998725021757AFFE004FDBC5 /* Default.png */ = {isa = PBXFileReference; lastKnownFileType = image.png; path = Default.png; sourceTree = "<group>"; };
		998725041757AFFE004FDBC5 /* Default@2x.png */ = {isa = PBXFileReference; lastKnownFileType = image.png; path = "Default@2x.png"; sourceTree = "<group>"; };
		998725061757AFFF004FDBC5 /* Default-568h@2x.png */ = {isa = PBXFileReference; lastKnownFileType = image.png; path = "Default-568h@2x.png"; sourceTree = "<group>"; };
		998725091757AFFF004FDBC5 /* en */ = {isa = PBXFileReference; lastKnownFileType = file.storyboard; name = en; path = en.lproj/MainStoryboard.storyboard; sourceTree = "<group>"; };
		998725131757B000004FDBC5 /* FBImageViewController_DemoTests.octest */ = {isa = PBXFileReference; explicitFileType = wrapper.cfbundle; includeInIndex = 0; path = FBImageViewController_DemoTests.octest; sourceTree = BUILT_PRODUCTS_DIR; };
		998725141757B000004FDBC5 /* SenTestingKit.framework */ = {isa = PBXFileReference; lastKnownFileType = wrapper.framework; name = SenTestingKit.framework; path = Library/Frameworks/SenTestingKit.framework; sourceTree = DEVELOPER_DIR; };
		9987251C1757B000004FDBC5 /* FBImageViewController_DemoTests-Info.plist */ = {isa = PBXFileReference; lastKnownFileType = text.plist.xml; path = "FBImageViewController_DemoTests-Info.plist"; sourceTree = "<group>"; };
		9987251E1757B000004FDBC5 /* en */ = {isa = PBXFileReference; lastKnownFileType = text.plist.strings; name = en; path = en.lproj/InfoPlist.strings; sourceTree = "<group>"; };
		998725201757B000004FDBC5 /* FBImageViewController_DemoTests.h */ = {isa = PBXFileReference; lastKnownFileType = sourcecode.c.h; path = FBImageViewController_DemoTests.h; sourceTree = "<group>"; };
		998725211757B000004FDBC5 /* FBImageViewController_DemoTests.m */ = {isa = PBXFileReference; lastKnownFileType = sourcecode.c.objc; path = FBImageViewController_DemoTests.m; sourceTree = "<group>"; };
		9987252C1757B035004FDBC5 /* MHFacebookImageViewer.h */ = {isa = PBXFileReference; fileEncoding = 4; lastKnownFileType = sourcecode.c.h; path = MHFacebookImageViewer.h; sourceTree = "<group>"; };
		9987252D1757B035004FDBC5 /* MHFacebookImageViewer.m */ = {isa = PBXFileReference; fileEncoding = 4; lastKnownFileType = sourcecode.c.objc; path = MHFacebookImageViewer.m; sourceTree = "<group>"; };
		9987252F1757B0AE004FDBC5 /* DemoViewController.h */ = {isa = PBXFileReference; fileEncoding = 4; lastKnownFileType = sourcecode.c.h; path = DemoViewController.h; sourceTree = "<group>"; };
		998725301757B0AE004FDBC5 /* DemoViewController.m */ = {isa = PBXFileReference; fileEncoding = 4; lastKnownFileType = sourcecode.c.objc; path = DemoViewController.m; sourceTree = "<group>"; };
		99872553175854C9004FDBC5 /* placehold.png */ = {isa = PBXFileReference; lastKnownFileType = image.png; path = placehold.png; sourceTree = "<group>"; };
		99872556175886D6004FDBC5 /* Done.png */ = {isa = PBXFileReference; lastKnownFileType = image.png; path = Done.png; sourceTree = "<group>"; };
		99872557175886D6004FDBC5 /* Done@2x.png */ = {isa = PBXFileReference; lastKnownFileType = image.png; path = "Done@2x.png"; sourceTree = "<group>"; };
		99ADA7C41759989C0044BAE4 /* Demo2ViewController.h */ = {isa = PBXFileReference; fileEncoding = 4; lastKnownFileType = sourcecode.c.h; path = Demo2ViewController.h; sourceTree = "<group>"; };
		99ADA7C51759989C0044BAE4 /* Demo2ViewController.m */ = {isa = PBXFileReference; fileEncoding = 4; lastKnownFileType = sourcecode.c.objc; path = Demo2ViewController.m; sourceTree = "<group>"; };
		99ADA7C717599E830044BAE4 /* Demo3ViewController.h */ = {isa = PBXFileReference; fileEncoding = 4; lastKnownFileType = sourcecode.c.h; path = Demo3ViewController.h; sourceTree = "<group>"; };
		99ADA7C817599E830044BAE4 /* Demo3ViewController.m */ = {isa = PBXFileReference; fileEncoding = 4; lastKnownFileType = sourcecode.c.objc; path = Demo3ViewController.m; sourceTree = "<group>"; };
/* End PBXFileReference section */

/* Begin PBXFrameworksBuildPhase section */
		998724EA1757AFFD004FDBC5 /* Frameworks */ = {
			isa = PBXFrameworksBuildPhase;
			buildActionMask = 2147483647;
			files = (
				995424541766CC2600D7A4D1 /* MobileCoreServices.framework in Frameworks */,
				995424521766CC1F00D7A4D1 /* SystemConfiguration.framework in Frameworks */,
				998724F11757AFFD004FDBC5 /* UIKit.framework in Frameworks */,
				998724F31757AFFD004FDBC5 /* Foundation.framework in Frameworks */,
				998724F51757AFFD004FDBC5 /* CoreGraphics.framework in Frameworks */,
			);
			runOnlyForDeploymentPostprocessing = 0;
		};
		9987250F1757B000004FDBC5 /* Frameworks */ = {
			isa = PBXFrameworksBuildPhase;
			buildActionMask = 2147483647;
			files = (
				998725151757B000004FDBC5 /* SenTestingKit.framework in Frameworks */,
				998725161757B000004FDBC5 /* UIKit.framework in Frameworks */,
				998725171757B000004FDBC5 /* Foundation.framework in Frameworks */,
			);
			runOnlyForDeploymentPostprocessing = 0;
		};
/* End PBXFrameworksBuildPhase section */

/* Begin PBXGroup section */
		995424341766CB7500D7A4D1 /* AFNetworking */ = {
			isa = PBXGroup;
			children = (
				995424351766CB7500D7A4D1 /* AFHTTPClient.h */,
				995424361766CB7500D7A4D1 /* AFHTTPClient.m */,
				995424371766CB7500D7A4D1 /* AFHTTPRequestOperation.h */,
				995424381766CB7500D7A4D1 /* AFHTTPRequestOperation.m */,
				995424391766CB7500D7A4D1 /* AFImageRequestOperation.h */,
				9954243A1766CB7500D7A4D1 /* AFImageRequestOperation.m */,
				9954243B1766CB7500D7A4D1 /* AFJSONRequestOperation.h */,
				9954243C1766CB7500D7A4D1 /* AFJSONRequestOperation.m */,
				9954243D1766CB7500D7A4D1 /* AFNetworkActivityIndicatorManager.h */,
				9954243E1766CB7500D7A4D1 /* AFNetworkActivityIndicatorManager.m */,
				9954243F1766CB7500D7A4D1 /* AFNetworking.h */,
				995424401766CB7500D7A4D1 /* AFPropertyListRequestOperation.h */,
				995424411766CB7500D7A4D1 /* AFPropertyListRequestOperation.m */,
				995424421766CB7500D7A4D1 /* AFURLConnectionOperation.h */,
				995424431766CB7500D7A4D1 /* AFURLConnectionOperation.m */,
				995424441766CB7500D7A4D1 /* AFXMLRequestOperation.h */,
				995424451766CB7500D7A4D1 /* AFXMLRequestOperation.m */,
				995424461766CB7500D7A4D1 /* UIImageView+AFNetworking.h */,
				995424471766CB7500D7A4D1 /* UIImageView+AFNetworking.m */,
			);
			path = AFNetworking;
			sourceTree = "<group>";
		};
		998724E41757AFFD004FDBC5 = {
			isa = PBXGroup;
			children = (
				998724F61757AFFD004FDBC5 /* FBImageViewController_Demo */,
				9987251A1757B000004FDBC5 /* FBImageViewController_DemoTests */,
				998724EF1757AFFD004FDBC5 /* Frameworks */,
				998724EE1757AFFD004FDBC5 /* Products */,
			);
			sourceTree = "<group>";
		};
		998724EE1757AFFD004FDBC5 /* Products */ = {
			isa = PBXGroup;
			children = (
				998724ED1757AFFD004FDBC5 /* FBImageViewController_Demo.app */,
				998725131757B000004FDBC5 /* FBImageViewController_DemoTests.octest */,
			);
			name = Products;
			sourceTree = "<group>";
		};
		998724EF1757AFFD004FDBC5 /* Frameworks */ = {
			isa = PBXGroup;
			children = (
				995424531766CC2600D7A4D1 /* MobileCoreServices.framework */,
				995424511766CC1F00D7A4D1 /* SystemConfiguration.framework */,
				998724F01757AFFD004FDBC5 /* UIKit.framework */,
				998724F21757AFFD004FDBC5 /* Foundation.framework */,
				998724F41757AFFD004FDBC5 /* CoreGraphics.framework */,
				998725141757B000004FDBC5 /* SenTestingKit.framework */,
			);
			name = Frameworks;
			sourceTree = "<group>";
		};
		998724F61757AFFD004FDBC5 /* FBImageViewController_Demo */ = {
			isa = PBXGroup;
			children = (
				995424341766CB7500D7A4D1 /* AFNetworking */,
				998724FF1757AFFE004FDBC5 /* AppDelegate.h */,
				998725001757AFFE004FDBC5 /* AppDelegate.m */,
				9987252F1757B0AE004FDBC5 /* DemoViewController.h */,
				998725301757B0AE004FDBC5 /* DemoViewController.m */,
				99ADA7C41759989C0044BAE4 /* Demo2ViewController.h */,
				99ADA7C51759989C0044BAE4 /* Demo2ViewController.m */,
				99ADA7C717599E830044BAE4 /* Demo3ViewController.h */,
				99ADA7C817599E830044BAE4 /* Demo3ViewController.m */,
				998725081757AFFF004FDBC5 /* MainStoryboard.storyboard */,
				9987252B1757B035004FDBC5 /* MHFBImageViewController */,
				998724F71757AFFE004FDBC5 /* Supporting Files */,
			);
			path = FBImageViewController_Demo;
			sourceTree = "<group>";
		};
		998724F71757AFFE004FDBC5 /* Supporting Files */ = {
			isa = PBXGroup;
			children = (
				99D343AA1759266900D2D687 /* Places */,
				99872553175854C9004FDBC5 /* placehold.png */,
				998724F81757AFFE004FDBC5 /* FBImageViewController_Demo-Info.plist */,
				998724F91757AFFE004FDBC5 /* InfoPlist.strings */,
				998724FC1757AFFE004FDBC5 /* main.m */,
				998724FE1757AFFE004FDBC5 /* FBImageViewController_Demo-Prefix.pch */,
				998725021757AFFE004FDBC5 /* Default.png */,
				998725041757AFFE004FDBC5 /* Default@2x.png */,
				998725061757AFFF004FDBC5 /* Default-568h@2x.png */,
			);
			name = "Supporting Files";
			sourceTree = "<group>";
		};
		9987251A1757B000004FDBC5 /* FBImageViewController_DemoTests */ = {
			isa = PBXGroup;
			children = (
				998725201757B000004FDBC5 /* FBImageViewController_DemoTests.h */,
				998725211757B000004FDBC5 /* FBImageViewController_DemoTests.m */,
				9987251B1757B000004FDBC5 /* Supporting Files */,
			);
			path = FBImageViewController_DemoTests;
			sourceTree = "<group>";
		};
		9987251B1757B000004FDBC5 /* Supporting Files */ = {
			isa = PBXGroup;
			children = (
				9987251C1757B000004FDBC5 /* FBImageViewController_DemoTests-Info.plist */,
				9987251D1757B000004FDBC5 /* InfoPlist.strings */,
			);
			name = "Supporting Files";
			sourceTree = "<group>";
		};
		9987252B1757B035004FDBC5 /* MHFBImageViewController */ = {
			isa = PBXGroup;
			children = (
				99872555175886D6004FDBC5 /* Resources */,
				9987252C1757B035004FDBC5 /* MHFacebookImageViewer.h */,
				9987252D1757B035004FDBC5 /* MHFacebookImageViewer.m */,
			);
			name = MHFBImageViewController;
			path = ../../MHFBImageViewController;
			sourceTree = "<group>";
		};
		99872555175886D6004FDBC5 /* Resources */ = {
			isa = PBXGroup;
			children = (
				99872556175886D6004FDBC5 /* Done.png */,
				99872557175886D6004FDBC5 /* Done@2x.png */,
			);
			path = Resources;
			sourceTree = "<group>";
		};
		99D343AA1759266900D2D687 /* Places */ = {
			isa = PBXGroup;
			children = (
				994071AE177D62970033FD4B /* 9_iphone.png */,
				994071AF177D62970033FD4B /* 8_iphone.png */,
				994071B0177D62970033FD4B /* 7_iphone.png */,
				994071B1177D62970033FD4B /* 6_iphone.png */,
				994071B2177D62970033FD4B /* 5_iphone.png */,
				994071B3177D62970033FD4B /* 4_iphone.png */,
				994071B4177D62970033FD4B /* 3_iphone.png */,
				994071B5177D62970033FD4B /* 2_iphone.png */,
				994071B6177D62970033FD4B /* 1_iphone.png */,
				994071B7177D62970033FD4B /* 0_iphone.png */,
			);
			path = Places;
			sourceTree = "<group>";
		};
/* End PBXGroup section */

/* Begin PBXNativeTarget section */
		998724EC1757AFFD004FDBC5 /* FBImageViewController_Demo */ = {
			isa = PBXNativeTarget;
			buildConfigurationList = 998725251757B000004FDBC5 /* Build configuration list for PBXNativeTarget "FBImageViewController_Demo" */;
			buildPhases = (
				998724E91757AFFD004FDBC5 /* Sources */,
				998724EA1757AFFD004FDBC5 /* Frameworks */,
				998724EB1757AFFD004FDBC5 /* Resources */,
			);
			buildRules = (
			);
			dependencies = (
			);
			name = FBImageViewController_Demo;
			productName = FBImageViewController_Demo;
			productReference = 998724ED1757AFFD004FDBC5 /* FBImageViewController_Demo.app */;
			productType = "com.apple.product-type.application";
		};
		998725121757B000004FDBC5 /* FBImageViewController_DemoTests */ = {
			isa = PBXNativeTarget;
			buildConfigurationList = 998725281757B000004FDBC5 /* Build configuration list for PBXNativeTarget "FBImageViewController_DemoTests" */;
			buildPhases = (
				9987250E1757B000004FDBC5 /* Sources */,
				9987250F1757B000004FDBC5 /* Frameworks */,
				998725101757B000004FDBC5 /* Resources */,
				998725111757B000004FDBC5 /* ShellScript */,
			);
			buildRules = (
			);
			dependencies = (
				998725191757B000004FDBC5 /* PBXTargetDependency */,
			);
			name = FBImageViewController_DemoTests;
			productName = FBImageViewController_DemoTests;
			productReference = 998725131757B000004FDBC5 /* FBImageViewController_DemoTests.octest */;
			productType = "com.apple.product-type.bundle";
		};
/* End PBXNativeTarget section */

/* Begin PBXProject section */
		998724E51757AFFD004FDBC5 /* Project object */ = {
			isa = PBXProject;
			attributes = {
				LastUpgradeCheck = 0460;
				ORGANIZATIONNAME = "Michael Henry Pantaleon";
			};
			buildConfigurationList = 998724E81757AFFD004FDBC5 /* Build configuration list for PBXProject "FBImageViewController_Demo" */;
			compatibilityVersion = "Xcode 3.2";
			developmentRegion = English;
			hasScannedForEncodings = 0;
			knownRegions = (
				en,
			);
			mainGroup = 998724E41757AFFD004FDBC5;
			productRefGroup = 998724EE1757AFFD004FDBC5 /* Products */;
			projectDirPath = "";
			projectRoot = "";
			targets = (
				998724EC1757AFFD004FDBC5 /* FBImageViewController_Demo */,
				998725121757B000004FDBC5 /* FBImageViewController_DemoTests */,
			);
		};
/* End PBXProject section */

/* Begin PBXResourcesBuildPhase section */
		998724EB1757AFFD004FDBC5 /* Resources */ = {
			isa = PBXResourcesBuildPhase;
			buildActionMask = 2147483647;
			files = (
				998724FB1757AFFE004FDBC5 /* InfoPlist.strings in Resources */,
				998725031757AFFE004FDBC5 /* Default.png in Resources */,
				998725051757AFFE004FDBC5 /* Default@2x.png in Resources */,
				998725071757AFFF004FDBC5 /* Default-568h@2x.png in Resources */,
				9987250A1757AFFF004FDBC5 /* MainStoryboard.storyboard in Resources */,
				99872554175854C9004FDBC5 /* placehold.png in Resources */,
				99872558175886D6004FDBC5 /* Done.png in Resources */,
				99872559175886D6004FDBC5 /* Done@2x.png in Resources */,
				994071B8177D62970033FD4B /* 9_iphone.png in Resources */,
				994071B9177D62970033FD4B /* 8_iphone.png in Resources */,
				994071BA177D62970033FD4B /* 7_iphone.png in Resources */,
				994071BB177D62970033FD4B /* 6_iphone.png in Resources */,
				994071BC177D62970033FD4B /* 5_iphone.png in Resources */,
				994071BD177D62970033FD4B /* 4_iphone.png in Resources */,
				994071BE177D62970033FD4B /* 3_iphone.png in Resources */,
				994071BF177D62970033FD4B /* 2_iphone.png in Resources */,
				994071C0177D62970033FD4B /* 1_iphone.png in Resources */,
				994071C1177D62970033FD4B /* 0_iphone.png in Resources */,
			);
			runOnlyForDeploymentPostprocessing = 0;
		};
		998725101757B000004FDBC5 /* Resources */ = {
			isa = PBXResourcesBuildPhase;
			buildActionMask = 2147483647;
			files = (
				9987251F1757B000004FDBC5 /* InfoPlist.strings in Resources */,
			);
			runOnlyForDeploymentPostprocessing = 0;
		};
/* End PBXResourcesBuildPhase section */

/* Begin PBXShellScriptBuildPhase section */
		998725111757B000004FDBC5 /* ShellScript */ = {
			isa = PBXShellScriptBuildPhase;
			buildActionMask = 2147483647;
			files = (
			);
			inputPaths = (
			);
			outputPaths = (
			);
			runOnlyForDeploymentPostprocessing = 0;
			shellPath = /bin/sh;
			shellScript = "# Run the unit tests in this test bundle.\n\"${SYSTEM_DEVELOPER_DIR}/Tools/RunUnitTests\"\n";
		};
/* End PBXShellScriptBuildPhase section */

/* Begin PBXSourcesBuildPhase section */
		998724E91757AFFD004FDBC5 /* Sources */ = {
			isa = PBXSourcesBuildPhase;
			buildActionMask = 2147483647;
			files = (
				998724FD1757AFFE004FDBC5 /* main.m in Sources */,
				998725011757AFFE004FDBC5 /* AppDelegate.m in Sources */,
				9987252E1757B035004FDBC5 /* MHFacebookImageViewer.m in Sources */,
				998725311757B0AE004FDBC5 /* DemoViewController.m in Sources */,
				99ADA7C61759989C0044BAE4 /* Demo2ViewController.m in Sources */,
				99ADA7C917599E830044BAE4 /* Demo3ViewController.m in Sources */,
				995424481766CB7500D7A4D1 /* AFHTTPClient.m in Sources */,
				995424491766CB7500D7A4D1 /* AFHTTPRequestOperation.m in Sources */,
				9954244A1766CB7500D7A4D1 /* AFImageRequestOperation.m in Sources */,
				9954244B1766CB7500D7A4D1 /* AFJSONRequestOperation.m in Sources */,
				9954244C1766CB7500D7A4D1 /* AFNetworkActivityIndicatorManager.m in Sources */,
				9954244D1766CB7500D7A4D1 /* AFPropertyListRequestOperation.m in Sources */,
				9954244E1766CB7500D7A4D1 /* AFURLConnectionOperation.m in Sources */,
				9954244F1766CB7500D7A4D1 /* AFXMLRequestOperation.m in Sources */,
				995424501766CB7500D7A4D1 /* UIImageView+AFNetworking.m in Sources */,
			);
			runOnlyForDeploymentPostprocessing = 0;
		};
		9987250E1757B000004FDBC5 /* Sources */ = {
			isa = PBXSourcesBuildPhase;
			buildActionMask = 2147483647;
			files = (
				998725221757B000004FDBC5 /* FBImageViewController_DemoTests.m in Sources */,
			);
			runOnlyForDeploymentPostprocessing = 0;
		};
/* End PBXSourcesBuildPhase section */

/* Begin PBXTargetDependency section */
		998725191757B000004FDBC5 /* PBXTargetDependency */ = {
			isa = PBXTargetDependency;
			target = 998724EC1757AFFD004FDBC5 /* FBImageViewController_Demo */;
			targetProxy = 998725181757B000004FDBC5 /* PBXContainerItemProxy */;
		};
/* End PBXTargetDependency section */

/* Begin PBXVariantGroup section */
		998724F91757AFFE004FDBC5 /* InfoPlist.strings */ = {
			isa = PBXVariantGroup;
			children = (
				998724FA1757AFFE004FDBC5 /* en */,
			);
			name = InfoPlist.strings;
			sourceTree = "<group>";
		};
		998725081757AFFF004FDBC5 /* MainStoryboard.storyboard */ = {
			isa = PBXVariantGroup;
			children = (
				998725091757AFFF004FDBC5 /* en */,
			);
			name = MainStoryboard.storyboard;
			sourceTree = "<group>";
		};
		9987251D1757B000004FDBC5 /* InfoPlist.strings */ = {
			isa = PBXVariantGroup;
			children = (
				9987251E1757B000004FDBC5 /* en */,
			);
			name = InfoPlist.strings;
			sourceTree = "<group>";
		};
/* End PBXVariantGroup section */

/* Begin XCBuildConfiguration section */
		998725231757B000004FDBC5 /* Debug */ = {
			isa = XCBuildConfiguration;
			buildSettings = {
				ALWAYS_SEARCH_USER_PATHS = NO;
				CLANG_CXX_LANGUAGE_STANDARD = "gnu++0x";
				CLANG_CXX_LIBRARY = "libc++";
				CLANG_ENABLE_OBJC_ARC = YES;
				CLANG_WARN_CONSTANT_CONVERSION = YES;
				CLANG_WARN_EMPTY_BODY = YES;
				CLANG_WARN_ENUM_CONVERSION = YES;
				CLANG_WARN_INT_CONVERSION = YES;
				CLANG_WARN__DUPLICATE_METHOD_MATCH = YES;
				"CODE_SIGN_IDENTITY[sdk=iphoneos*]" = "iPhone Developer";
				COPY_PHASE_STRIP = NO;
				GCC_C_LANGUAGE_STANDARD = gnu99;
				GCC_DYNAMIC_NO_PIC = NO;
				GCC_OPTIMIZATION_LEVEL = 0;
				GCC_PREPROCESSOR_DEFINITIONS = (
					"DEBUG=1",
					"$(inherited)",
				);
				GCC_SYMBOLS_PRIVATE_EXTERN = NO;
				GCC_WARN_ABOUT_RETURN_TYPE = YES;
				GCC_WARN_UNINITIALIZED_AUTOS = YES;
				GCC_WARN_UNUSED_VARIABLE = YES;
				IPHONEOS_DEPLOYMENT_TARGET = 6.1;
				ONLY_ACTIVE_ARCH = YES;
				SDKROOT = iphoneos;
			};
			name = Debug;
		};
		998725241757B000004FDBC5 /* Release */ = {
			isa = XCBuildConfiguration;
			buildSettings = {
				ALWAYS_SEARCH_USER_PATHS = NO;
				CLANG_CXX_LANGUAGE_STANDARD = "gnu++0x";
				CLANG_CXX_LIBRARY = "libc++";
				CLANG_ENABLE_OBJC_ARC = YES;
				CLANG_WARN_CONSTANT_CONVERSION = YES;
				CLANG_WARN_EMPTY_BODY = YES;
				CLANG_WARN_ENUM_CONVERSION = YES;
				CLANG_WARN_INT_CONVERSION = YES;
				CLANG_WARN__DUPLICATE_METHOD_MATCH = YES;
				"CODE_SIGN_IDENTITY[sdk=iphoneos*]" = "iPhone Developer";
				COPY_PHASE_STRIP = YES;
				GCC_C_LANGUAGE_STANDARD = gnu99;
				GCC_WARN_ABOUT_RETURN_TYPE = YES;
				GCC_WARN_UNINITIALIZED_AUTOS = YES;
				GCC_WARN_UNUSED_VARIABLE = YES;
				IPHONEOS_DEPLOYMENT_TARGET = 6.1;
				OTHER_CFLAGS = "-DNS_BLOCK_ASSERTIONS=1";
				SDKROOT = iphoneos;
				VALIDATE_PRODUCT = YES;
			};
			name = Release;
		};
		998725261757B000004FDBC5 /* Debug */ = {
			isa = XCBuildConfiguration;
			buildSettings = {
				GCC_PRECOMPILE_PREFIX_HEADER = YES;
				GCC_PREFIX_HEADER = "FBImageViewController_Demo/FBImageViewController_Demo-Prefix.pch";
				INFOPLIST_FILE = "FBImageViewController_Demo/FBImageViewController_Demo-Info.plist";
				IPHONEOS_DEPLOYMENT_TARGET = 5.0;
				PRODUCT_NAME = "$(TARGET_NAME)";
				WRAPPER_EXTENSION = app;
			};
			name = Debug;
		};
		998725271757B000004FDBC5 /* Release */ = {
			isa = XCBuildConfiguration;
			buildSettings = {
				GCC_PRECOMPILE_PREFIX_HEADER = YES;
				GCC_PREFIX_HEADER = "FBImageViewController_Demo/FBImageViewController_Demo-Prefix.pch";
				INFOPLIST_FILE = "FBImageViewController_Demo/FBImageViewController_Demo-Info.plist";
				IPHONEOS_DEPLOYMENT_TARGET = 5.0;
				PRODUCT_NAME = "$(TARGET_NAME)";
				WRAPPER_EXTENSION = app;
			};
			name = Release;
		};
		998725291757B000004FDBC5 /* Debug */ = {
			isa = XCBuildConfiguration;
			buildSettings = {
				BUNDLE_LOADER = "$(BUILT_PRODUCTS_DIR)/FBImageViewController_Demo.app/FBImageViewController_Demo";
				FRAMEWORK_SEARCH_PATHS = (
					"\"$(SDKROOT)/Developer/Library/Frameworks\"",
					"\"$(DEVELOPER_LIBRARY_DIR)/Frameworks\"",
				);
				GCC_PRECOMPILE_PREFIX_HEADER = YES;
				GCC_PREFIX_HEADER = "FBImageViewController_Demo/FBImageViewController_Demo-Prefix.pch";
				INFOPLIST_FILE = "FBImageViewController_DemoTests/FBImageViewController_DemoTests-Info.plist";
				PRODUCT_NAME = "$(TARGET_NAME)";
				TEST_HOST = "$(BUNDLE_LOADER)";
				WRAPPER_EXTENSION = octest;
			};
			name = Debug;
		};
		9987252A1757B000004FDBC5 /* Release */ = {
			isa = XCBuildConfiguration;
			buildSettings = {
				BUNDLE_LOADER = "$(BUILT_PRODUCTS_DIR)/FBImageViewController_Demo.app/FBImageViewController_Demo";
				FRAMEWORK_SEARCH_PATHS = (
					"\"$(SDKROOT)/Developer/Library/Frameworks\"",
					"\"$(DEVELOPER_LIBRARY_DIR)/Frameworks\"",
				);
				GCC_PRECOMPILE_PREFIX_HEADER = YES;
				GCC_PREFIX_HEADER = "FBImageViewController_Demo/FBImageViewController_Demo-Prefix.pch";
				INFOPLIST_FILE = "FBImageViewController_DemoTests/FBImageViewController_DemoTests-Info.plist";
				PRODUCT_NAME = "$(TARGET_NAME)";
				TEST_HOST = "$(BUNDLE_LOADER)";
				WRAPPER_EXTENSION = octest;
			};
			name = Release;
		};
/* End XCBuildConfiguration section */

/* Begin XCConfigurationList section */
		998724E81757AFFD004FDBC5 /* Build configuration list for PBXProject "FBImageViewController_Demo" */ = {
			isa = XCConfigurationList;
			buildConfigurations = (
				998725231757B000004FDBC5 /* Debug */,
				998725241757B000004FDBC5 /* Release */,
			);
			defaultConfigurationIsVisible = 0;
			defaultConfigurationName = Release;
		};
		998725251757B000004FDBC5 /* Build configuration list for PBXNativeTarget "FBImageViewController_Demo" */ = {
			isa = XCConfigurationList;
			buildConfigurations = (
				998725261757B000004FDBC5 /* Debug */,
				998725271757B000004FDBC5 /* Release */,
			);
			defaultConfigurationIsVisible = 0;
			defaultConfigurationName = Release;
		};
		998725281757B000004FDBC5 /* Build configuration list for PBXNativeTarget "FBImageViewController_DemoTests" */ = {
			isa = XCConfigurationList;
			buildConfigurations = (
				998725291757B000004FDBC5 /* Debug */,
				9987252A1757B000004FDBC5 /* Release */,
			);
			defaultConfigurationIsVisible = 0;
			defaultConfigurationName = Release;
		};
/* End XCConfigurationList section */
	};
	rootObject = 998724E51757AFFD004FDBC5 /* Project object */;
}
