// !$*UTF8*$!
{
	archiveVersion = 1;
	classes = {
	};
	objectVersion = 51;
	objects = {

/* Begin PBXBuildFile section */
		A68EAF90239634A000158120 /* ExampleListViewController.swift in Sources */ = {isa = PBXBuildFile; fileRef = A68EAF8F239634A000158120 /* ExampleListViewController.swift */; };
		A68EAF922396361C00158120 /* BasicViewController.swift in Sources */ = {isa = PBXBuildFile; fileRef = A68EAF912396361C00158120 /* BasicViewController.swift */; };
		A68EAF9423963A9100158120 /* Extensions.swift in Sources */ = {isa = PBXBuildFile; fileRef = A68EAF9323963A9100158120 /* Extensions.swift */; };
		A68EAF9623963B3600158120 /* WithURLViewController.swift in Sources */ = {isa = PBXBuildFile; fileRef = A68EAF9523963B3600158120 /* WithURLViewController.swift */; };
		A6AB18E4239752C800BF0681 /* WithURLsViewController.swift in Sources */ = {isa = PBXBuildFile; fileRef = A6AB18E3239752C800BF0681 /* WithURLsViewController.swift */; };
		A6BC0BC8239139F8004A4E46 /* AppDelegate.swift in Sources */ = {isa = PBXBuildFile; fileRef = A6BC0BC7239139F8004A4E46 /* AppDelegate.swift */; };
		A6BC0BD1239139F9004A4E46 /* Assets.xcassets in Resources */ = {isa = PBXBuildFile; fileRef = A6BC0BD0239139F9004A4E46 /* Assets.xcassets */; };
		A6BC0BD4239139F9004A4E46 /* LaunchScreen.storyboard in Resources */ = {isa = PBXBuildFile; fileRef = A6BC0BD2239139F9004A4E46 /* LaunchScreen.storyboard */; };
		A6BC0BDE23913C30004A4E46 /* GalleryFlowLayout.swift in Sources */ = {isa = PBXBuildFile; fileRef = A6BC0BDD23913C30004A4E46 /* GalleryFlowLayout.swift */; };
		A6BC0BE023913C66004A4E46 /* GalleryViewController.swift in Sources */ = {isa = PBXBuildFile; fileRef = A6BC0BDF23913C66004A4E46 /* GalleryViewController.swift */; };
		A6BC0BE223914239004A4E46 /* ThumbCell.swift in Sources */ = {isa = PBXBuildFile; fileRef = A6BC0BE123914239004A4E46 /* ThumbCell.swift */; };
		A6BC0BE823915420004A4E46 /* Data.swift in Sources */ = {isa = PBXBuildFile; fileRef = A6BC0BE723915420004A4E46 /* Data.swift */; };
		A6FE4B4624EDDBAE00E9C754 /* README.md in Resources */ = {isa = PBXBuildFile; fileRef = A6FE4B4524EDDBAE00E9C754 /* README.md */; };
		D303414D23CA5F17FEDDCF7B /* Pods_Demo.framework in Frameworks */ = {isa = PBXBuildFile; fileRef = 10710A5B07A80798DED8269E /* Pods_Demo.framework */; };
/* End PBXBuildFile section */

/* Begin PBXFileReference section */
		10710A5B07A80798DED8269E /* Pods_Demo.framework */ = {isa = PBXFileReference; explicitFileType = wrapper.framework; includeInIndex = 0; path = Pods_Demo.framework; sourceTree = BUILT_PRODUCTS_DIR; };
		20E424F2DB4A27D25989365C /* Pods-Demo.release.xcconfig */ = {isa = PBXFileReference; includeInIndex = 1; lastKnownFileType = text.xcconfig; name = "Pods-Demo.release.xcconfig"; path = "Target Support Files/Pods-Demo/Pods-Demo.release.xcconfig"; sourceTree = "<group>"; };
		A68EAF8F239634A000158120 /* ExampleListViewController.swift */ = {isa = PBXFileReference; lastKnownFileType = sourcecode.swift; path = ExampleListViewController.swift; sourceTree = "<group>"; };
		A68EAF912396361C00158120 /* BasicViewController.swift */ = {isa = PBXFileReference; lastKnownFileType = sourcecode.swift; path = BasicViewController.swift; sourceTree = "<group>"; };
		A68EAF9323963A9100158120 /* Extensions.swift */ = {isa = PBXFileReference; lastKnownFileType = sourcecode.swift; path = Extensions.swift; sourceTree = "<group>"; };
		A68EAF9523963B3600158120 /* WithURLViewController.swift */ = {isa = PBXFileReference; lastKnownFileType = sourcecode.swift; path = WithURLViewController.swift; sourceTree = "<group>"; };
		A6AB18E3239752C800BF0681 /* WithURLsViewController.swift */ = {isa = PBXFileReference; lastKnownFileType = sourcecode.swift; path = WithURLsViewController.swift; sourceTree = "<group>"; };
		A6BC0BC4239139F8004A4E46 /* Demo.app */ = {isa = PBXFileReference; explicitFileType = wrapper.application; includeInIndex = 0; path = Demo.app; sourceTree = BUILT_PRODUCTS_DIR; };
		A6BC0BC7239139F8004A4E46 /* AppDelegate.swift */ = {isa = PBXFileReference; lastKnownFileType = sourcecode.swift; path = AppDelegate.swift; sourceTree = "<group>"; };
		A6BC0BD0239139F9004A4E46 /* Assets.xcassets */ = {isa = PBXFileReference; lastKnownFileType = folder.assetcatalog; path = Assets.xcassets; sourceTree = "<group>"; };
		A6BC0BD3239139F9004A4E46 /* Base */ = {isa = PBXFileReference; lastKnownFileType = file.storyboard; name = Base; path = Base.lproj/LaunchScreen.storyboard; sourceTree = "<group>"; };
		A6BC0BD5239139F9004A4E46 /* Info.plist */ = {isa = PBXFileReference; lastKnownFileType = text.plist.xml; path = Info.plist; sourceTree = "<group>"; };
		A6BC0BDD23913C30004A4E46 /* GalleryFlowLayout.swift */ = {isa = PBXFileReference; lastKnownFileType = sourcecode.swift; path = GalleryFlowLayout.swift; sourceTree = "<group>"; };
		A6BC0BDF23913C66004A4E46 /* GalleryViewController.swift */ = {isa = PBXFileReference; lastKnownFileType = sourcecode.swift; path = GalleryViewController.swift; sourceTree = "<group>"; };
		A6BC0BE123914239004A4E46 /* ThumbCell.swift */ = {isa = PBXFileReference; lastKnownFileType = sourcecode.swift; path = ThumbCell.swift; sourceTree = "<group>"; };
		A6BC0BE723915420004A4E46 /* Data.swift */ = {isa = PBXFileReference; lastKnownFileType = sourcecode.swift; path = Data.swift; sourceTree = "<group>"; };
		A6FE4B4524EDDBAE00E9C754 /* README.md */ = {isa = PBXFileReference; fileEncoding = 4; lastKnownFileType = net.daringfireball.markdown; name = README.md; path = ../../README.md; sourceTree = "<group>"; };
		D023B1BBDAD100A2962FDC7E /* Pods-Demo.debug.xcconfig */ = {isa = PBXFileReference; includeInIndex = 1; lastKnownFileType = text.xcconfig; name = "Pods-Demo.debug.xcconfig"; path = "Target Support Files/Pods-Demo/Pods-Demo.debug.xcconfig"; sourceTree = "<group>"; };
/* End PBXFileReference section */

/* Begin PBXFrameworksBuildPhase section */
		A6BC0BC1239139F8004A4E46 /* Frameworks */ = {
			isa = PBXFrameworksBuildPhase;
			buildActionMask = 2147483647;
			files = (
				D303414D23CA5F17FEDDCF7B /* Pods_Demo.framework in Frameworks */,
			);
			runOnlyForDeploymentPostprocessing = 0;
		};
/* End PBXFrameworksBuildPhase section */

/* Begin PBXGroup section */
		536695A4E2804E597DF57F75 /* Frameworks */ = {
			isa = PBXGroup;
			children = (
				10710A5B07A80798DED8269E /* Pods_Demo.framework */,
			);
			name = Frameworks;
			sourceTree = "<group>";
		};
		A6BC0BBB239139F8004A4E46 = {
			isa = PBXGroup;
			children = (
				A6BC0BC6239139F8004A4E46 /* Demo */,
				A6BC0BC5239139F8004A4E46 /* Products */,
				DF82B993DFB6603C678D27F5 /* Pods */,
				536695A4E2804E597DF57F75 /* Frameworks */,
			);
			sourceTree = "<group>";
		};
		A6BC0BC5239139F8004A4E46 /* Products */ = {
			isa = PBXGroup;
			children = (
				A6BC0BC4239139F8004A4E46 /* Demo.app */,
			);
			name = Products;
			sourceTree = "<group>";
		};
		A6BC0BC6239139F8004A4E46 /* Demo */ = {
			isa = PBXGroup;
			children = (
				A6FE4B4524EDDBAE00E9C754 /* README.md */,
				A6BC0BC7239139F8004A4E46 /* AppDelegate.swift */,
				A6BC0BD0239139F9004A4E46 /* Assets.xcassets */,
				A6BC0BD2239139F9004A4E46 /* LaunchScreen.storyboard */,
				A6BC0BD5239139F9004A4E46 /* Info.plist */,
				A6BC0BDD23913C30004A4E46 /* GalleryFlowLayout.swift */,
				A6BC0BE123914239004A4E46 /* ThumbCell.swift */,
				A6BC0BE723915420004A4E46 /* Data.swift */,
				A68EAF9323963A9100158120 /* Extensions.swift */,
				A68EAF8F239634A000158120 /* ExampleListViewController.swift */,
				A68EAF912396361C00158120 /* BasicViewController.swift */,
				A68EAF9523963B3600158120 /* WithURLViewController.swift */,
				A6BC0BDF23913C66004A4E46 /* GalleryViewController.swift */,
				A6AB18E3239752C800BF0681 /* WithURLsViewController.swift */,
			);
			path = Demo;
			sourceTree = "<group>";
		};
		DF82B993DFB6603C678D27F5 /* Pods */ = {
			isa = PBXGroup;
			children = (
				D023B1BBDAD100A2962FDC7E /* Pods-Demo.debug.xcconfig */,
				20E424F2DB4A27D25989365C /* Pods-Demo.release.xcconfig */,
			);
			path = Pods;
			sourceTree = "<group>";
		};
/* End PBXGroup section */

/* Begin PBXNativeTarget section */
		A6BC0BC3239139F8004A4E46 /* Demo */ = {
			isa = PBXNativeTarget;
			buildConfigurationList = A6BC0BD8239139F9004A4E46 /* Build configuration list for PBXNativeTarget "Demo" */;
			buildPhases = (
				F2D653881EA1CD30831E01CB /* [CP] Check Pods Manifest.lock */,
				A6BC0BC0239139F8004A4E46 /* Sources */,
				A6BC0BC1239139F8004A4E46 /* Frameworks */,
				A6BC0BC2239139F8004A4E46 /* Resources */,
				C03AB560810480391BF64A7A /* [CP] Embed Pods Frameworks */,
			);
			buildRules = (
			);
			dependencies = (
			);
			name = Demo;
			productName = Demo;
			productReference = A6BC0BC4239139F8004A4E46 /* Demo.app */;
			productType = "com.apple.product-type.application";
		};
/* End PBXNativeTarget section */

/* Begin PBXProject section */
		A6BC0BBC239139F8004A4E46 /* Project object */ = {
			isa = PBXProject;
			attributes = {
				LastSwiftUpdateCheck = 1120;
				LastUpgradeCheck = 1120;
				ORGANIZATIONNAME = "Michael Henry Pantaleon";
				TargetAttributes = {
					A6BC0BC3239139F8004A4E46 = {
						CreatedOnToolsVersion = 11.2.1;
					};
				};
			};
			buildConfigurationList = A6BC0BBF239139F8004A4E46 /* Build configuration list for PBXProject "Demo" */;
			compatibilityVersion = "Xcode 9.3";
			developmentRegion = en;
			hasScannedForEncodings = 0;
			knownRegions = (
				en,
				Base,
			);
			mainGroup = A6BC0BBB239139F8004A4E46;
			productRefGroup = A6BC0BC5239139F8004A4E46 /* Products */;
			projectDirPath = "";
			projectRoot = "";
			targets = (
				A6BC0BC3239139F8004A4E46 /* Demo */,
			);
		};
/* End PBXProject section */

/* Begin PBXResourcesBuildPhase section */
		A6BC0BC2239139F8004A4E46 /* Resources */ = {
			isa = PBXResourcesBuildPhase;
			buildActionMask = 2147483647;
			files = (
				A6FE4B4624EDDBAE00E9C754 /* README.md in Resources */,
				A6BC0BD4239139F9004A4E46 /* LaunchScreen.storyboard in Resources */,
				A6BC0BD1239139F9004A4E46 /* Assets.xcassets in Resources */,
			);
			runOnlyForDeploymentPostprocessing = 0;
		};
/* End PBXResourcesBuildPhase section */

/* Begin PBXShellScriptBuildPhase section */
		C03AB560810480391BF64A7A /* [CP] Embed Pods Frameworks */ = {
			isa = PBXShellScriptBuildPhase;
			buildActionMask = 2147483647;
			files = (
			);
			inputFileListPaths = (
				"${PODS_ROOT}/Target Support Files/Pods-Demo/Pods-Demo-frameworks-${CONFIGURATION}-input-files.xcfilelist",
			);
			name = "[CP] Embed Pods Frameworks";
			outputFileListPaths = (
				"${PODS_ROOT}/Target Support Files/Pods-Demo/Pods-Demo-frameworks-${CONFIGURATION}-output-files.xcfilelist",
			);
			runOnlyForDeploymentPostprocessing = 0;
			shellPath = /bin/sh;
			shellScript = "\"${PODS_ROOT}/Target Support Files/Pods-Demo/Pods-Demo-frameworks.sh\"\n";
			showEnvVarsInLog = 0;
		};
		F2D653881EA1CD30831E01CB /* [CP] Check Pods Manifest.lock */ = {
			isa = PBXShellScriptBuildPhase;
			buildActionMask = 2147483647;
			files = (
			);
			inputFileListPaths = (
			);
			inputPaths = (
				"${PODS_PODFILE_DIR_PATH}/Podfile.lock",
				"${PODS_ROOT}/Manifest.lock",
			);
			name = "[CP] Check Pods Manifest.lock";
			outputFileListPaths = (
			);
			outputPaths = (
				"$(DERIVED_FILE_DIR)/Pods-Demo-checkManifestLockResult.txt",
			);
			runOnlyForDeploymentPostprocessing = 0;
			shellPath = /bin/sh;
			shellScript = "diff \"${PODS_PODFILE_DIR_PATH}/Podfile.lock\" \"${PODS_ROOT}/Manifest.lock\" > /dev/null\nif [ $? != 0 ] ; then\n    # print error to STDERR\n    echo \"error: The sandbox is not in sync with the Podfile.lock. Run 'pod install' or update your CocoaPods installation.\" >&2\n    exit 1\nfi\n# This output is used by Xcode 'outputs' to avoid re-running this script phase.\necho \"SUCCESS\" > \"${SCRIPT_OUTPUT_FILE_0}\"\n";
			showEnvVarsInLog = 0;
		};
/* End PBXShellScriptBuildPhase section */

/* Begin PBXSourcesBuildPhase section */
		A6BC0BC0239139F8004A4E46 /* Sources */ = {
			isa = PBXSourcesBuildPhase;
			buildActionMask = 2147483647;
			files = (
				A68EAF9623963B3600158120 /* WithURLViewController.swift in Sources */,
				A6BC0BE023913C66004A4E46 /* GalleryViewController.swift in Sources */,
				A6AB18E4239752C800BF0681 /* WithURLsViewController.swift in Sources */,
				A6BC0BE823915420004A4E46 /* Data.swift in Sources */,
				A68EAF9423963A9100158120 /* Extensions.swift in Sources */,
				A6BC0BDE23913C30004A4E46 /* GalleryFlowLayout.swift in Sources */,
				A68EAF90239634A000158120 /* ExampleListViewController.swift in Sources */,
				A6BC0BE223914239004A4E46 /* ThumbCell.swift in Sources */,
				A6BC0BC8239139F8004A4E46 /* AppDelegate.swift in Sources */,
				A68EAF922396361C00158120 /* BasicViewController.swift in Sources */,
			);
			runOnlyForDeploymentPostprocessing = 0;
		};
/* End PBXSourcesBuildPhase section */

/* Begin PBXVariantGroup section */
		A6BC0BD2239139F9004A4E46 /* LaunchScreen.storyboard */ = {
			isa = PBXVariantGroup;
			children = (
				A6BC0BD3239139F9004A4E46 /* Base */,
			);
			name = LaunchScreen.storyboard;
			sourceTree = "<group>";
		};
/* End PBXVariantGroup section */

/* Begin XCBuildConfiguration section */
		A6BC0BD6239139F9004A4E46 /* Debug */ = {
			isa = XCBuildConfiguration;
			buildSettings = {
				ALWAYS_SEARCH_USER_PATHS = NO;
				CLANG_ANALYZER_NONNULL = YES;
				CLANG_ANALYZER_NUMBER_OBJECT_CONVERSION = YES_AGGRESSIVE;
				CLANG_CXX_LANGUAGE_STANDARD = "gnu++14";
				CLANG_CXX_LIBRARY = "libc++";
				CLANG_ENABLE_MODULES = YES;
				CLANG_ENABLE_OBJC_ARC = YES;
				CLANG_ENABLE_OBJC_WEAK = YES;
				CLANG_WARN_BLOCK_CAPTURE_AUTORELEASING = YES;
				CLANG_WARN_BOOL_CONVERSION = YES;
				CLANG_WARN_COMMA = YES;
				CLANG_WARN_CONSTANT_CONVERSION = YES;
				CLANG_WARN_DEPRECATED_OBJC_IMPLEMENTATIONS = YES;
				CLANG_WARN_DIRECT_OBJC_ISA_USAGE = YES_ERROR;
				CLANG_WARN_DOCUMENTATION_COMMENTS = YES;
				CLANG_WARN_EMPTY_BODY = YES;
				CLANG_WARN_ENUM_CONVERSION = YES;
				CLANG_WARN_INFINITE_RECURSION = YES;
				CLANG_WARN_INT_CONVERSION = YES;
				CLANG_WARN_NON_LITERAL_NULL_CONVERSION = YES;
				CLANG_WARN_OBJC_IMPLICIT_RETAIN_SELF = YES;
				CLANG_WARN_OBJC_LITERAL_CONVERSION = YES;
				CLANG_WARN_OBJC_ROOT_CLASS = YES_ERROR;
				CLANG_WARN_RANGE_LOOP_ANALYSIS = YES;
				CLANG_WARN_STRICT_PROTOTYPES = YES;
				CLANG_WARN_SUSPICIOUS_MOVE = YES;
				CLANG_WARN_UNGUARDED_AVAILABILITY = YES_AGGRESSIVE;
				CLANG_WARN_UNREACHABLE_CODE = YES;
				CLANG_WARN__DUPLICATE_METHOD_MATCH = YES;
				COPY_PHASE_STRIP = NO;
				DEBUG_INFORMATION_FORMAT = dwarf;
				ENABLE_STRICT_OBJC_MSGSEND = YES;
				ENABLE_TESTABILITY = YES;
				GCC_C_LANGUAGE_STANDARD = gnu11;
				GCC_DYNAMIC_NO_PIC = NO;
				GCC_NO_COMMON_BLOCKS = YES;
				GCC_OPTIMIZATION_LEVEL = 0;
				GCC_PREPROCESSOR_DEFINITIONS = (
					"DEBUG=1",
					"$(inherited)",
				);
				GCC_WARN_64_TO_32_BIT_CONVERSION = YES;
				GCC_WARN_ABOUT_RETURN_TYPE = YES_ERROR;
				GCC_WARN_UNDECLARED_SELECTOR = YES;
				GCC_WARN_UNINITIALIZED_AUTOS = YES_AGGRESSIVE;
				GCC_WARN_UNUSED_FUNCTION = YES;
				GCC_WARN_UNUSED_VARIABLE = YES;
				IPHONEOS_DEPLOYMENT_TARGET = 13.2;
				MTL_ENABLE_DEBUG_INFO = INCLUDE_SOURCE;
				MTL_FAST_MATH = YES;
				ONLY_ACTIVE_ARCH = YES;
				SDKROOT = iphoneos;
				SWIFT_ACTIVE_COMPILATION_CONDITIONS = DEBUG;
				SWIFT_OPTIMIZATION_LEVEL = "-Onone";
			};
			name = Debug;
		};
		A6BC0BD7239139F9004A4E46 /* Release */ = {
			isa = XCBuildConfiguration;
			buildSettings = {
				ALWAYS_SEARCH_USER_PATHS = NO;
				CLANG_ANALYZER_NONNULL = YES;
				CLANG_ANALYZER_NUMBER_OBJECT_CONVERSION = YES_AGGRESSIVE;
				CLANG_CXX_LANGUAGE_STANDARD = "gnu++14";
				CLANG_CXX_LIBRARY = "libc++";
				CLANG_ENABLE_MODULES = YES;
				CLANG_ENABLE_OBJC_ARC = YES;
				CLANG_ENABLE_OBJC_WEAK = YES;
				CLANG_WARN_BLOCK_CAPTURE_AUTORELEASING = YES;
				CLANG_WARN_BOOL_CONVERSION = YES;
				CLANG_WARN_COMMA = YES;
				CLANG_WARN_CONSTANT_CONVERSION = YES;
				CLANG_WARN_DEPRECATED_OBJC_IMPLEMENTATIONS = YES;
				CLANG_WARN_DIRECT_OBJC_ISA_USAGE = YES_ERROR;
				CLANG_WARN_DOCUMENTATION_COMMENTS = YES;
				CLANG_WARN_EMPTY_BODY = YES;
				CLANG_WARN_ENUM_CONVERSION = YES;
				CLANG_WARN_INFINITE_RECURSION = YES;
				CLANG_WARN_INT_CONVERSION = YES;
				CLANG_WARN_NON_LITERAL_NULL_CONVERSION = YES;
				CLANG_WARN_OBJC_IMPLICIT_RETAIN_SELF = YES;
				CLANG_WARN_OBJC_LITERAL_CONVERSION = YES;
				CLANG_WARN_OBJC_ROOT_CLASS = YES_ERROR;
				CLANG_WARN_RANGE_LOOP_ANALYSIS = YES;
				CLANG_WARN_STRICT_PROTOTYPES = YES;
				CLANG_WARN_SUSPICIOUS_MOVE = YES;
				CLANG_WARN_UNGUARDED_AVAILABILITY = YES_AGGRESSIVE;
				CLANG_WARN_UNREACHABLE_CODE = YES;
				CLANG_WARN__DUPLICATE_METHOD_MATCH = YES;
				COPY_PHASE_STRIP = NO;
				DEBUG_INFORMATION_FORMAT = "dwarf-with-dsym";
				ENABLE_NS_ASSERTIONS = NO;
				ENABLE_STRICT_OBJC_MSGSEND = YES;
				GCC_C_LANGUAGE_STANDARD = gnu11;
				GCC_NO_COMMON_BLOCKS = YES;
				GCC_WARN_64_TO_32_BIT_CONVERSION = YES;
				GCC_WARN_ABOUT_RETURN_TYPE = YES_ERROR;
				GCC_WARN_UNDECLARED_SELECTOR = YES;
				GCC_WARN_UNINITIALIZED_AUTOS = YES_AGGRESSIVE;
				GCC_WARN_UNUSED_FUNCTION = YES;
				GCC_WARN_UNUSED_VARIABLE = YES;
				IPHONEOS_DEPLOYMENT_TARGET = 13.2;
				MTL_ENABLE_DEBUG_INFO = NO;
				MTL_FAST_MATH = YES;
				SDKROOT = iphoneos;
				SWIFT_COMPILATION_MODE = wholemodule;
				SWIFT_OPTIMIZATION_LEVEL = "-O";
				VALIDATE_PRODUCT = YES;
			};
			name = Release;
		};
		A6BC0BD9239139F9004A4E46 /* Debug */ = {
			isa = XCBuildConfiguration;
			baseConfigurationReference = D023B1BBDAD100A2962FDC7E /* Pods-Demo.debug.xcconfig */;
			buildSettings = {
				ASSETCATALOG_COMPILER_APPICON_NAME = AppIcon;
				CODE_SIGN_STYLE = Automatic;
				INFOPLIST_FILE = Demo/Info.plist;
				LD_RUNPATH_SEARCH_PATHS = (
					"$(inherited)",
					"@executable_path/Frameworks",
				);
				PRODUCT_BUNDLE_IDENTIFIER = net.iamkel.Demo;
				PRODUCT_NAME = "$(TARGET_NAME)";
				SWIFT_VERSION = 5.0;
				TARGETED_DEVICE_FAMILY = "1,2";
			};
			name = Debug;
		};
		A6BC0BDA239139F9004A4E46 /* Release */ = {
			isa = XCBuildConfiguration;
			baseConfigurationReference = 20E424F2DB4A27D25989365C /* Pods-Demo.release.xcconfig */;
			buildSettings = {
				ASSETCATALOG_COMPILER_APPICON_NAME = AppIcon;
				CODE_SIGN_STYLE = Automatic;
				INFOPLIST_FILE = Demo/Info.plist;
				LD_RUNPATH_SEARCH_PATHS = (
					"$(inherited)",
					"@executable_path/Frameworks",
				);
				PRODUCT_BUNDLE_IDENTIFIER = net.iamkel.Demo;
				PRODUCT_NAME = "$(TARGET_NAME)";
				SWIFT_VERSION = 5.0;
				TARGETED_DEVICE_FAMILY = "1,2";
			};
			name = Release;
		};
/* End XCBuildConfiguration section */

/* Begin XCConfigurationList section */
		A6BC0BBF239139F8004A4E46 /* Build configuration list for PBXProject "Demo" */ = {
			isa = XCConfigurationList;
			buildConfigurations = (
				A6BC0BD6239139F9004A4E46 /* Debug */,
				A6BC0BD7239139F9004A4E46 /* Release */,
			);
			defaultConfigurationIsVisible = 0;
			defaultConfigurationName = Release;
		};
		A6BC0BD8239139F9004A4E46 /* Build configuration list for PBXNativeTarget "Demo" */ = {
			isa = XCConfigurationList;
			buildConfigurations = (
				A6BC0BD9239139F9004A4E46 /* Debug */,
				A6BC0BDA239139F9004A4E46 /* Release */,
			);
			defaultConfigurationIsVisible = 0;
			defaultConfigurationName = Release;
		};
/* End XCConfigurationList section */
	};
	rootObject = A6BC0BBC239139F8004A4E46 /* Project object */;
}
